<?xml version="1.0" encoding="UTF-8" standalone="yes" ?>
<CodeBlocks_project_file>
	<FileVersion major="1" minor="6" />
	<Project>
		<Option title="ProtoEngine" />
		<Option pch_mode="2" />
		<Option compiler="gcc" />
		<Build>
			<Target title="Debug">
				<Option output="bin/Debug/ProtoEngine" prefix_auto="1" extension_auto="1" />
				<Option working_dir="" />
				<Option object_output="obj/Debug/" />
				<Option type="2" />
				<Option compiler="gcc" />
				<Compiler>
					<Add option="-std=c++11" />
					<Add option="-g" />
				</Compiler>
			</Target>
			<Target title="Release">
				<Option output="bin/Release/ProtoEngine" prefix_auto="1" extension_auto="1" />
				<Option working_dir="" />
				<Option object_output="obj/Release/" />
				<Option type="2" />
				<Option compiler="gcc" />
				<Compiler>
					<Add option="-O2" />
				</Compiler>
				<Linker>
					<Add option="-s" />
				</Linker>
			</Target>
		</Build>
		<Compiler>
			<Add option="-std=c++11" />
			<Add option="-Wall" />
			<Add option="-Winvalid-pch" />
			<Add option='-include &quot;ProtoEngine/precompiled.h&quot;' />
			<Add option="-D__NO_INLINE__" />
			<Add directory="include/" />
			<Add directory="../BatKernel/include" />
			<Add directory="../ProtoGraphicsLib/include/" />
			<Add directory="../BatInputLib/include" />
		</Compiler>
		<Linker>
			<Add option="-mwindows -lmingw32  -lglew32 -lglfw3 -lglu32 -lgdi32 -lopengl32" />
		</Linker>
		<Unit filename="include/ProtoEngine/ProtoEngine.h">
			<Option compile="1" />
		</Unit>
		<Unit filename="include/ProtoEngine/Scene/scene.h" />
		<Unit filename="include/ProtoEngine/Scene/scenenode.h" />
		<Unit filename="include/ProtoEngine/application.h" />
		<Unit filename="include/ProtoEngine/basestate.h" />
		<Unit filename="include/ProtoEngine/gamecontext.h" />
		<Unit filename="include/ProtoEngine/precompiled.h">
			<Option compile="1" />
			<Option weight="0" />
		</Unit>
		<Unit filename="include/ProtoEngine/proto_common.h" />
		<Unit filename="include/ProtoEngine/proto_core.h" />
		<Unit filename="src/Scene/scene.cpp" />
		<Unit filename="src/Scene/scenenode.cpp" />
		<Unit filename="src/application.cpp" />
		<Unit filename="src/basestate.cpp" />
		<Unit filename="src/gamecontext.cpp" />
		<Extensions>
			<code_completion />
			<envvars />
			<debugger />
			<lib_finder disable_auto="1" />
		</Extensions>
	</Project>
</CodeBlocks_project_file>
