<?xml version="1.0" encoding="UTF-8" standalone="yes" ?>
<CodeBlocks_project_file>
	<FileVersion major="1" minor="6" />
	<Project>
		<Option title="BatKernel" />
		<Option pch_mode="2" />
		<Option compiler="gcc" />
		<Build>
			<Target title="Debug">
				<Option output="bin/Debug/BatKernel" prefix_auto="1" extension_auto="1" />
				<Option working_dir="" />
				<Option object_output="obj/Debug/" />
				<Option type="2" />
				<Option compiler="gcc" />
				<Option createDefFile="1" />
				<Compiler>
					<Add option="-Wall" />
					<Add option="-g" />
					<Add directory="include" />
					<Add directory="include/BatKernel/" />
				</Compiler>
			</Target>
			<Target title="Release">
				<Option output="bin/Release/BatKernel" prefix_auto="1" extension_auto="1" />
				<Option working_dir="" />
				<Option object_output="obj/Release/" />
				<Option type="2" />
				<Option compiler="gcc" />
				<Option createDefFile="1" />
				<Compiler>
					<Add option="-O2" />
					<Add option="-Wall" />
					<Add directory="include" />
					<Add directory="include/BatKernel/" />
				</Compiler>
				<Linker>
					<Add option="-s" />
				</Linker>
			</Target>
		</Build>
		<Compiler>
			<Add option="-Winvalid-pch" />
			<Add option='-include &quot;BatKernel/precompiled.h&quot;' />
			<Add directory="include" />
		</Compiler>
		<Unit filename="include/BatKernel/Graphics/igraphicssystem.h" />
		<Unit filename="include/BatKernel/Resource/resourcemanager.hpp" />
		<Unit filename="include/BatKernel/batcore.h">
			<Option compile="1" />
		</Unit>
		<Unit filename="include/BatKernel/common.h" />
		<Unit filename="include/BatKernel/ibatcomponent.h" />
		<Unit filename="include/BatKernel/ibatinput.h" />
		<Unit filename="include/BatKernel/ibatsystem.h" />
		<Unit filename="include/BatKernel/iupdateable.h" />
		<Unit filename="include/BatKernel/matrixstack.h" />
		<Unit filename="include/BatKernel/precompiled.h">
			<Option compile="1" />
			<Option weight="0" />
		</Unit>
		<Unit filename="src/ibatcomponent.cpp" />
		<Unit filename="src/ibatinput.cpp" />
		<Unit filename="src/ibatsystem.cpp" />
		<Unit filename="src/iupdateable.cpp" />
		<Unit filename="src/matrixstack.cpp" />
		<Extensions>
			<code_completion />
			<envvars />
			<debugger />
			<lib_finder disable_auto="1" />
		</Extensions>
	</Project>
</CodeBlocks_project_file>
