<?xml version="1.0" encoding="UTF-8" standalone="yes" ?>
<CodeBlocks_project_file>
	<FileVersion major="1" minor="6" />
	<Project>
		<Option title="BatInputLib" />
		<Option pch_mode="2" />
		<Option compiler="gcc" />
		<Build>
			<Target title="Debug">
				<Option output="bin/Debug/BatInputLib" prefix_auto="1" extension_auto="1" />
				<Option working_dir="" />
				<Option object_output="obj/Debug/" />
				<Option type="2" />
				<Option compiler="gcc" />
				<Option createDefFile="1" />
				<Compiler>
					<Add option="-Wall" />
					<Add option="-g" />
				</Compiler>
				<Linker>
					<Add directory="../BatKernel/bin/Debug" />
				</Linker>
			</Target>
			<Target title="Release">
				<Option output="bin/Release/BatInputLib" prefix_auto="1" extension_auto="1" />
				<Option working_dir="" />
				<Option object_output="obj/Release/" />
				<Option type="2" />
				<Option compiler="gcc" />
				<Option createDefFile="1" />
				<Compiler>
					<Add option="-O2" />
					<Add option="-Wall" />
				</Compiler>
				<Linker>
					<Add option="-s" />
				</Linker>
			</Target>
		</Build>
		<Compiler>
			<Add option="-Winvalid-pch" />
			<Add option='-include &quot;BatInputLib/precompiled.h&quot;' />
			<Add directory="include" />
			<Add directory="../BatKernel/include" />
		</Compiler>
		<Linker>
			<Add option="-lBatKernel" />
			<Add option="-mwindows -lmingw32  -lglew32 -lglfw3 -lglu32 -lgdi32 -lopengl32" />
		</Linker>
		<Unit filename="include/BatInputLib/BatInput.h" />
		<Unit filename="include/BatInputLib/input.h" />
		<Unit filename="include/BatInputLib/inputcontext.h" />
		<Unit filename="include/BatInputLib/inputsystem.h" />
		<Unit filename="include/BatInputLib/precompiled.h">
			<Option compile="1" />
			<Option weight="0" />
		</Unit>
		<Unit filename="include/BatInputLib/rawinputconstants.h" />
		<Unit filename="src/input.cpp" />
		<Unit filename="src/inputcontext.cpp" />
		<Unit filename="src/inputsystem.cpp" />
		<Extensions>
			<code_completion />
			<envvars />
			<debugger />
			<lib_finder disable_auto="1" />
		</Extensions>
	</Project>
</CodeBlocks_project_file>
